
Microsoft Visual Studio Solution File, Format Version 12.00
# Visual Studio 2012
Project("{FAE04EC0-301F-11D3-BF4B-00C04F79EFBC}") = "DemoMSpec", "DemoMSpec\DemoMSpec.csproj", "{CFE9E599-821D-460B-84DA-34F79A47846A}"
EndProject
Project("{2150E333-8FDC-42A3-9474-1A3956D46DE8}") = "Solution Items", "Solution Items", "{EC85DBDD-BD6F-4889-8EFF-FDC8A254E63A}"
EndProject
Global
	GlobalSection(SolutionConfigurationPlatforms) = preSolution
		Debug|Any CPU = Debug|Any CPU
		Release|Any CPU = Release|Any CPU
	EndGlobalSection
	GlobalSection(ProjectConfigurationPlatforms) = postSolution
		{CFE9E599-821D-460B-84DA-34F79A47846A}.Debug|Any CPU.ActiveCfg = Debug|Any CPU
		{CFE9E599-821D-460B-84DA-34F79A47846A}.Debug|Any CPU.Build.0 = Debug|Any CPU
		{CFE9E599-821D-460B-84DA-34F79A47846A}.Release|Any CPU.ActiveCfg = Release|Any CPU
		{CFE9E599-821D-460B-84DA-34F79A47846A}.Release|Any CPU.Build.0 = Release|Any CPU
	EndGlobalSection
	GlobalSection(SolutionProperties) = preSolution
		HideSolutionNode = FALSE
	EndGlobalSection
EndGlobal
